
Microsoft Visual Studio Solution File, Format Version 12.00
# Visual Studio 15
VisualStudioVersion = 15.0.28307.572
MinimumVisualStudioVersion = 10.0.40219.1
Project("{FAE04EC0-301F-11D3-BF4B-00C04F79EFBC}") = "WEBAPI_Ejemplo", "WEBAPI_Ejemplo\WEBAPI_Ejemplo.csproj", "{F1EF45D7-7C39-42FF-98F3-1CEAE1480AB7}"
EndProject
Project("{FAE04EC0-301F-11D3-BF4B-00C04F79EFBC}") = "DTO", "DTO\DTO.csproj", "{C6DC243E-85C3-4599-A3CE-B0D112AC84B0}"
EndProject
Project("{FAE04EC0-301F-11D3-BF4B-00C04F79EFBC}") = "BO", "BO\BO.csproj", "{88A94614-C71B-4051-B412-5D166C2EAF33}"
EndProject
Global
	GlobalSection(SolutionConfigurationPlatforms) = preSolution
		Debug|Any CPU = Debug|Any CPU
		Release|Any CPU = Release|Any CPU
	EndGlobalSection
	GlobalSection(ProjectConfigurationPlatforms) = postSolution
		{F1EF45D7-7C39-42FF-98F3-1CEAE1480AB7}.Debug|Any CPU.ActiveCfg = Debug|Any CPU
		{F1EF45D7-7C39-42FF-98F3-1CEAE1480AB7}.Debug|Any CPU.Build.0 = Debug|Any CPU
		{F1EF45D7-7C39-42FF-98F3-1CEAE1480AB7}.Release|Any CPU.ActiveCfg = Release|Any CPU
		{F1EF45D7-7C39-42FF-98F3-1CEAE1480AB7}.Release|Any CPU.Build.0 = Release|Any CPU
		{C6DC243E-85C3-4599-A3CE-B0D112AC84B0}.Debug|Any CPU.ActiveCfg = Debug|Any CPU
		{C6DC243E-85C3-4599-A3CE-B0D112AC84B0}.Debug|Any CPU.Build.0 = Debug|Any CPU
		{C6DC243E-85C3-4599-A3CE-B0D112AC84B0}.Release|Any CPU.ActiveCfg = Release|Any CPU
		{C6DC243E-85C3-4599-A3CE-B0D112AC84B0}.Release|Any CPU.Build.0 = Release|Any CPU
		{88A94614-C71B-4051-B412-5D166C2EAF33}.Debug|Any CPU.ActiveCfg = Debug|Any CPU
		{88A94614-C71B-4051-B412-5D166C2EAF33}.Debug|Any CPU.Build.0 = Debug|Any CPU
		{88A94614-C71B-4051-B412-5D166C2EAF33}.Release|Any CPU.ActiveCfg = Release|Any CPU
		{88A94614-C71B-4051-B412-5D166C2EAF33}.Release|Any CPU.Build.0 = Release|Any CPU
	EndGlobalSection
	GlobalSection(SolutionProperties) = preSolution
		HideSolutionNode = FALSE
	EndGlobalSection
	GlobalSection(ExtensibilityGlobals) = postSolution
		SolutionGuid = {91A453E4-AEC3-4DFB-A96C-CC95AC371ABC}
	EndGlobalSection
EndGlobal
